
Microsoft Visual Studio Solution File, Format Version 12.00
# Visual Studio 15
VisualStudioVersion = 15.0.28307.572
MinimumVisualStudioVersion = 10.0.40219.1
Project("{FAE04EC0-301F-11D3-BF4B-00C04F79EFBC}") = "BensBranchBuilder", "BensBranchBuilder\BensBranchBuilder.csproj", "{BADDA451-6732-4F77-84C0-6ABF0A78C544}"
EndProject
Global
	GlobalSection(SolutionConfigurationPlatforms) = preSolution
		Debug|Any CPU = Debug|Any CPU
		Release|Any CPU = Release|Any CPU
	EndGlobalSection
	GlobalSection(ProjectConfigurationPlatforms) = postSolution
		{BADDA451-6732-4F77-84C0-6ABF0A78C544}.Debug|Any CPU.ActiveCfg = Debug|Any CPU
		{BADDA451-6732-4F77-84C0-6ABF0A78C544}.Debug|Any CPU.Build.0 = Debug|Any CPU
		{BADDA451-6732-4F77-84C0-6ABF0A78C544}.Release|Any CPU.ActiveCfg = Release|Any CPU
		{BADDA451-6732-4F77-84C0-6ABF0A78C544}.Release|Any CPU.Build.0 = Release|Any CPU
	EndGlobalSection
	GlobalSection(SolutionProperties) = preSolution
		HideSolutionNode = FALSE
	EndGlobalSection
	GlobalSection(ExtensibilityGlobals) = postSolution
		SolutionGuid = {3633CC24-0E2D-4754-84C8-4CEEBFE642D1}
	EndGlobalSection
EndGlobal
